
Microsoft Visual Studio Solution File, Format Version 12.00
# Visual Studio 14
VisualStudioVersion = 14.0.25123.0
MinimumVisualStudioVersion = 10.0.40219.1
Project("{FAE04EC0-301F-11D3-BF4B-00C04F79EFBC}") = "TrainTracker.Droid", "TrainTracker\TrainTracker.Droid\TrainTracker.Droid.csproj", "{E281DA1B-6141-468B-B9A2-CE88DA250F81}"
EndProject
Project("{FAE04EC0-301F-11D3-BF4B-00C04F79EFBC}") = "TrainTracker.iOS", "TrainTracker\TrainTracker.iOS\TrainTracker.iOS.csproj", "{AEEDDC16-D419-49F0-ACD3-B2F6D3FFDB55}"
EndProject
Project("{FAE04EC0-301F-11D3-BF4B-00C04F79EFBC}") = "TrainTracker.WinPhone", "TrainTracker\TrainTracker.WinPhone\TrainTracker.WinPhone.csproj", "{970AD017-1AA2-4CCE-A024-8E62845DAF87}"
EndProject
Project("{D954291E-2A0B-460D-934E-DC6B0785DB48}") = "TrainTracker", "TrainTracker\TrainTracker\TrainTracker.shproj", "{D7CF7A24-F3E3-4321-AF11-15E19A328DA1}"
EndProject
Project("{2150E333-8FDC-42A3-9474-1A3956D46DE8}") = "Data Collection", "Data Collection", "{ADC13341-C859-4A7E-877D-5D1988ABBA87}"
EndProject
Project("{FAE04EC0-301F-11D3-BF4B-00C04F79EFBC}") = "Train.Station.GeoLocation", "Train.Station.GeoLocation\Train.Station.GeoLocation.csproj", "{34511612-3083-492F-A579-4B5C046F902B}"
EndProject
Project("{2150E333-8FDC-42A3-9474-1A3956D46DE8}") = "Web Server", "Web Server", "{D07C9FD2-38F0-4339-8B66-F37695289CD1}"
EndProject
Project("{2150E333-8FDC-42A3-9474-1A3956D46DE8}") = "Phone Applications", "Phone Applications", "{E02B9A31-2325-4130-818A-88D6D8BBA996}"
EndProject
Project("{FAE04EC0-301F-11D3-BF4B-00C04F79EFBC}") = "TrainTracker.Web", "TrainTracker.Web\TrainTracker.Web.csproj", "{52C41952-FB0B-4ADB-961F-D9DBF0816151}"
EndProject
Project("{2150E333-8FDC-42A3-9474-1A3956D46DE8}") = "PublishScripts", "PublishScripts", "{FB6700A7-F866-47B0-B751-678E19B988F7}"
EndProject
Project("{2150E333-8FDC-42A3-9474-1A3956D46DE8}") = "Scripts", "Scripts", "{06B6E25A-FEF9-4D7D-9AA7-E27449486614}"
	ProjectSection(SolutionItems) = preProject
		PublishScripts\Scripts\Deploy-AzureResourceGroup.ps1 = PublishScripts\Scripts\Deploy-AzureResourceGroup.ps1
	EndProjectSection
EndProject
Project("{2150E333-8FDC-42A3-9474-1A3956D46DE8}") = "Templates", "Templates", "{34924FF7-FF2C-4C7E-A895-68EE0C234D60}"
	ProjectSection(SolutionItems) = preProject
		PublishScripts\Templates\TrainTrackerWeb.json = PublishScripts\Templates\TrainTrackerWeb.json
		PublishScripts\Templates\TrainTrackerWeb.param.dev.json = PublishScripts\Templates\TrainTrackerWeb.param.dev.json
	EndProjectSection
EndProject
Global
	GlobalSection(SharedMSBuildProjectFiles) = preSolution
		TrainTracker\TrainTracker\TrainTracker.projitems*{aeeddc16-d419-49f0-acd3-b2f6d3ffdb55}*SharedItemsImports = 4
		TrainTracker\TrainTracker\TrainTracker.projitems*{970ad017-1aa2-4cce-a024-8e62845daf87}*SharedItemsImports = 4
		TrainTracker\TrainTracker\TrainTracker.projitems*{d7cf7a24-f3e3-4321-af11-15e19a328da1}*SharedItemsImports = 13
		TrainTracker\TrainTracker\TrainTracker.projitems*{e281da1b-6141-468b-b9a2-ce88da250f81}*SharedItemsImports = 4
	EndGlobalSection
	GlobalSection(SolutionConfigurationPlatforms) = preSolution
		Debug|Any CPU = Debug|Any CPU
		Debug|ARM = Debug|ARM
		Debug|iPhone = Debug|iPhone
		Debug|iPhoneSimulator = Debug|iPhoneSimulator
		Debug|x64 = Debug|x64
		Debug|x86 = Debug|x86
		Release|Any CPU = Release|Any CPU
		Release|ARM = Release|ARM
		Release|iPhone = Release|iPhone
		Release|iPhoneSimulator = Release|iPhoneSimulator
		Release|x64 = Release|x64
		Release|x86 = Release|x86
	EndGlobalSection
	GlobalSection(ProjectConfigurationPlatforms) = postSolution
		{E281DA1B-6141-468B-B9A2-CE88DA250F81}.Debug|Any CPU.ActiveCfg = Debug|Any CPU
		{E281DA1B-6141-468B-B9A2-CE88DA250F81}.Debug|Any CPU.Build.0 = Debug|Any CPU
		{E281DA1B-6141-468B-B9A2-CE88DA250F81}.Debug|Any CPU.Deploy.0 = Debug|Any CPU
		{E281DA1B-6141-468B-B9A2-CE88DA250F81}.Debug|ARM.ActiveCfg = Debug|Any CPU
		{E281DA1B-6141-468B-B9A2-CE88DA250F81}.Debug|ARM.Build.0 = Debug|Any CPU
		{E281DA1B-6141-468B-B9A2-CE88DA250F81}.Debug|ARM.Deploy.0 = Debug|Any CPU
		{E281DA1B-6141-468B-B9A2-CE88DA250F81}.Debug|iPhone.ActiveCfg = Debug|Any CPU
		{E281DA1B-6141-468B-B9A2-CE88DA250F81}.Debug|iPhone.Build.0 = Debug|Any CPU
		{E281DA1B-6141-468B-B9A2-CE88DA250F81}.Debug|iPhone.Deploy.0 = Debug|Any CPU
		{E281DA1B-6141-468B-B9A2-CE88DA250F81}.Debug|iPhoneSimulator.ActiveCfg = Debug|Any CPU
		{E281DA1B-6141-468B-B9A2-CE88DA250F81}.Debug|iPhoneSimulator.Build.0 = Debug|Any CPU
		{E281DA1B-6141-468B-B9A2-CE88DA250F81}.Debug|iPhoneSimulator.Deploy.0 = Debug|Any CPU
		{E281DA1B-6141-468B-B9A2-CE88DA250F81}.Debug|x64.ActiveCfg = Debug|Any CPU
		{E281DA1B-6141-468B-B9A2-CE88DA250F81}.Debug|x64.Build.0 = Debug|Any CPU
		{E281DA1B-6141-468B-B9A2-CE88DA250F81}.Debug|x64.Deploy.0 = Debug|Any CPU
		{E281DA1B-6141-468B-B9A2-CE88DA250F81}.Debug|x86.ActiveCfg = Debug|Any CPU
		{E281DA1B-6141-468B-B9A2-CE88DA250F81}.Debug|x86.Build.0 = Debug|Any CPU
		{E281DA1B-6141-468B-B9A2-CE88DA250F81}.Debug|x86.Deploy.0 = Debug|Any CPU
		{E281DA1B-6141-468B-B9A2-CE88DA250F81}.Release|Any CPU.ActiveCfg = Release|Any CPU
		{E281DA1B-6141-468B-B9A2-CE88DA250F81}.Release|Any CPU.Build.0 = Release|Any CPU
		{E281DA1B-6141-468B-B9A2-CE88DA250F81}.Release|Any CPU.Deploy.0 = Release|Any CPU
		{E281DA1B-6141-468B-B9A2-CE88DA250F81}.Release|ARM.ActiveCfg = Release|Any CPU
		{E281DA1B-6141-468B-B9A2-CE88DA250F81}.Release|ARM.Build.0 = Release|Any CPU
		{E281DA1B-6141-468B-B9A2-CE88DA250F81}.Release|ARM.Deploy.0 = Release|Any CPU
		{E281DA1B-6141-468B-B9A2-CE88DA250F81}.Release|iPhone.ActiveCfg = Release|Any CPU
		{E281DA1B-6141-468B-B9A2-CE88DA250F81}.Release|iPhone.Build.0 = Release|Any CPU
		{E281DA1B-6141-468B-B9A2-CE88DA250F81}.Release|iPhone.Deploy.0 = Release|Any CPU
		{E281DA1B-6141-468B-B9A2-CE88DA250F81}.Release|iPhoneSimulator.ActiveCfg = Release|Any CPU
		{E281DA1B-6141-468B-B9A2-CE88DA250F81}.Release|iPhoneSimulator.Build.0 = Release|Any CPU
		{E281DA1B-6141-468B-B9A2-CE88DA250F81}.Release|iPhoneSimulator.Deploy.0 = Release|Any CPU
		{E281DA1B-6141-468B-B9A2-CE88DA250F81}.Release|x64.ActiveCfg = Release|Any CPU
		{E281DA1B-6141-468B-B9A2-CE88DA250F81}.Release|x64.Build.0 = Release|Any CPU
		{E281DA1B-6141-468B-B9A2-CE88DA250F81}.Release|x64.Deploy.0 = Release|Any CPU
		{E281DA1B-6141-468B-B9A2-CE88DA250F81}.Release|x86.ActiveCfg = Release|Any CPU
		{E281DA1B-6141-468B-B9A2-CE88DA250F81}.Release|x86.Build.0 = Release|Any CPU
		{E281DA1B-6141-468B-B9A2-CE88DA250F81}.Release|x86.Deploy.0 = Release|Any CPU
		{AEEDDC16-D419-49F0-ACD3-B2F6D3FFDB55}.Debug|Any CPU.ActiveCfg = Debug|iPhone
		{AEEDDC16-D419-49F0-ACD3-B2F6D3FFDB55}.Debug|ARM.ActiveCfg = Debug|iPhone
		{AEEDDC16-D419-49F0-ACD3-B2F6D3FFDB55}.Debug|iPhone.ActiveCfg = Debug|iPhone
		{AEEDDC16-D419-49F0-ACD3-B2F6D3FFDB55}.Debug|iPhone.Build.0 = Debug|iPhone
		{AEEDDC16-D419-49F0-ACD3-B2F6D3FFDB55}.Debug|iPhoneSimulator.ActiveCfg = Debug|iPhoneSimulator
		{AEEDDC16-D419-49F0-ACD3-B2F6D3FFDB55}.Debug|iPhoneSimulator.Build.0 = Debug|iPhoneSimulator
		{AEEDDC16-D419-49F0-ACD3-B2F6D3FFDB55}.Debug|x64.ActiveCfg = Debug|iPhoneSimulator
		{AEEDDC16-D419-49F0-ACD3-B2F6D3FFDB55}.Debug|x86.ActiveCfg = Debug|iPhone
		{AEEDDC16-D419-49F0-ACD3-B2F6D3FFDB55}.Release|Any CPU.ActiveCfg = Release|iPhone
		{AEEDDC16-D419-49F0-ACD3-B2F6D3FFDB55}.Release|ARM.ActiveCfg = Release|iPhone
		{AEEDDC16-D419-49F0-ACD3-B2F6D3FFDB55}.Release|iPhone.ActiveCfg = Release|iPhone
		{AEEDDC16-D419-49F0-ACD3-B2F6D3FFDB55}.Release|iPhone.Build.0 = Release|iPhone
		{AEEDDC16-D419-49F0-ACD3-B2F6D3FFDB55}.Release|iPhoneSimulator.ActiveCfg = Release|iPhoneSimulator
		{AEEDDC16-D419-49F0-ACD3-B2F6D3FFDB55}.Release|iPhoneSimulator.Build.0 = Release|iPhoneSimulator
		{AEEDDC16-D419-49F0-ACD3-B2F6D3FFDB55}.Release|x64.ActiveCfg = Release|iPhoneSimulator
		{AEEDDC16-D419-49F0-ACD3-B2F6D3FFDB55}.Release|x86.ActiveCfg = Release|iPhone
		{970AD017-1AA2-4CCE-A024-8E62845DAF87}.Debug|Any CPU.ActiveCfg = Debug|Any CPU
		{970AD017-1AA2-4CCE-A024-8E62845DAF87}.Debug|Any CPU.Build.0 = Debug|Any CPU
		{970AD017-1AA2-4CCE-A024-8E62845DAF87}.Debug|Any CPU.Deploy.0 = Debug|Any CPU
		{970AD017-1AA2-4CCE-A024-8E62845DAF87}.Debug|ARM.ActiveCfg = Debug|ARM
		{970AD017-1AA2-4CCE-A024-8E62845DAF87}.Debug|ARM.Build.0 = Debug|ARM
		{970AD017-1AA2-4CCE-A024-8E62845DAF87}.Debug|ARM.Deploy.0 = Debug|ARM
		{970AD017-1AA2-4CCE-A024-8E62845DAF87}.Debug|iPhone.ActiveCfg = Debug|Any CPU
		{970AD017-1AA2-4CCE-A024-8E62845DAF87}.Debug|iPhone.Build.0 = Debug|Any CPU
		{970AD017-1AA2-4CCE-A024-8E62845DAF87}.Debug|iPhone.Deploy.0 = Debug|Any CPU
		{970AD017-1AA2-4CCE-A024-8E62845DAF87}.Debug|iPhoneSimulator.ActiveCfg = Debug|Any CPU
		{970AD017-1AA2-4CCE-A024-8E62845DAF87}.Debug|iPhoneSimulator.Build.0 = Debug|Any CPU
		{970AD017-1AA2-4CCE-A024-8E62845DAF87}.Debug|iPhoneSimulator.Deploy.0 = Debug|Any CPU
		{970AD017-1AA2-4CCE-A024-8E62845DAF87}.Debug|x64.ActiveCfg = Debug|Any CPU
		{970AD017-1AA2-4CCE-A024-8E62845DAF87}.Debug|x64.Build.0 = Debug|Any CPU
		{970AD017-1AA2-4CCE-A024-8E62845DAF87}.Debug|x64.Deploy.0 = Debug|Any CPU
		{970AD017-1AA2-4CCE-A024-8E62845DAF87}.Debug|x86.ActiveCfg = Debug|x86
		{970AD017-1AA2-4CCE-A024-8E62845DAF87}.Debug|x86.Build.0 = Debug|x86
		{970AD017-1AA2-4CCE-A024-8E62845DAF87}.Debug|x86.Deploy.0 = Debug|x86
		{970AD017-1AA2-4CCE-A024-8E62845DAF87}.Release|Any CPU.ActiveCfg = Release|Any CPU
		{970AD017-1AA2-4CCE-A024-8E62845DAF87}.Release|Any CPU.Build.0 = Release|Any CPU
		{970AD017-1AA2-4CCE-A024-8E62845DAF87}.Release|Any CPU.Deploy.0 = Release|Any CPU
		{970AD017-1AA2-4CCE-A024-8E62845DAF87}.Release|ARM.ActiveCfg = Release|ARM
		{970AD017-1AA2-4CCE-A024-8E62845DAF87}.Release|ARM.Build.0 = Release|ARM
		{970AD017-1AA2-4CCE-A024-8E62845DAF87}.Release|ARM.Deploy.0 = Release|ARM
		{970AD017-1AA2-4CCE-A024-8E62845DAF87}.Release|iPhone.ActiveCfg = Release|Any CPU
		{970AD017-1AA2-4CCE-A024-8E62845DAF87}.Release|iPhone.Build.0 = Release|Any CPU
		{970AD017-1AA2-4CCE-A024-8E62845DAF87}.Release|iPhone.Deploy.0 = Release|Any CPU
		{970AD017-1AA2-4CCE-A024-8E62845DAF87}.Release|iPhoneSimulator.ActiveCfg = Release|Any CPU
		{970AD017-1AA2-4CCE-A024-8E62845DAF87}.Release|iPhoneSimulator.Build.0 = Release|Any CPU
		{970AD017-1AA2-4CCE-A024-8E62845DAF87}.Release|iPhoneSimulator.Deploy.0 = Release|Any CPU
		{970AD017-1AA2-4CCE-A024-8E62845DAF87}.Release|x64.ActiveCfg = Release|Any CPU
		{970AD017-1AA2-4CCE-A024-8E62845DAF87}.Release|x64.Build.0 = Release|Any CPU
		{970AD017-1AA2-4CCE-A024-8E62845DAF87}.Release|x64.Deploy.0 = Release|Any CPU
		{970AD017-1AA2-4CCE-A024-8E62845DAF87}.Release|x86.ActiveCfg = Release|x86
		{970AD017-1AA2-4CCE-A024-8E62845DAF87}.Release|x86.Build.0 = Release|x86
		{970AD017-1AA2-4CCE-A024-8E62845DAF87}.Release|x86.Deploy.0 = Release|x86
		{34511612-3083-492F-A579-4B5C046F902B}.Debug|Any CPU.ActiveCfg = Debug|Any CPU
		{34511612-3083-492F-A579-4B5C046F902B}.Debug|Any CPU.Build.0 = Debug|Any CPU
		{34511612-3083-492F-A579-4B5C046F902B}.Debug|ARM.ActiveCfg = Debug|Any CPU
		{34511612-3083-492F-A579-4B5C046F902B}.Debug|ARM.Build.0 = Debug|Any CPU
		{34511612-3083-492F-A579-4B5C046F902B}.Debug|iPhone.ActiveCfg = Debug|Any CPU
		{34511612-3083-492F-A579-4B5C046F902B}.Debug|iPhone.Build.0 = Debug|Any CPU
		{34511612-3083-492F-A579-4B5C046F902B}.Debug|iPhoneSimulator.ActiveCfg = Debug|Any CPU
		{34511612-3083-492F-A579-4B5C046F902B}.Debug|iPhoneSimulator.Build.0 = Debug|Any CPU
		{34511612-3083-492F-A579-4B5C046F902B}.Debug|x64.ActiveCfg = Debug|x64
		{34511612-3083-492F-A579-4B5C046F902B}.Debug|x64.Build.0 = Debug|x64
		{34511612-3083-492F-A579-4B5C046F902B}.Debug|x86.ActiveCfg = Debug|Any CPU
		{34511612-3083-492F-A579-4B5C046F902B}.Debug|x86.Build.0 = Debug|Any CPU
		{34511612-3083-492F-A579-4B5C046F902B}.Release|Any CPU.ActiveCfg = Release|Any CPU
		{34511612-3083-492F-A579-4B5C046F902B}.Release|Any CPU.Build.0 = Release|Any CPU
		{34511612-3083-492F-A579-4B5C046F902B}.Release|ARM.ActiveCfg = Release|Any CPU
		{34511612-3083-492F-A579-4B5C046F902B}.Release|ARM.Build.0 = Release|Any CPU
		{34511612-3083-492F-A579-4B5C046F902B}.Release|iPhone.ActiveCfg = Release|Any CPU
		{34511612-3083-492F-A579-4B5C046F902B}.Release|iPhone.Build.0 = Release|Any CPU
		{34511612-3083-492F-A579-4B5C046F902B}.Release|iPhoneSimulator.ActiveCfg = Release|Any CPU
		{34511612-3083-492F-A579-4B5C046F902B}.Release|iPhoneSimulator.Build.0 = Release|Any CPU
		{34511612-3083-492F-A579-4B5C046F902B}.Release|x64.ActiveCfg = Release|x64
		{34511612-3083-492F-A579-4B5C046F902B}.Release|x64.Build.0 = Release|x64
		{34511612-3083-492F-A579-4B5C046F902B}.Release|x86.ActiveCfg = Release|Any CPU
		{34511612-3083-492F-A579-4B5C046F902B}.Release|x86.Build.0 = Release|Any CPU
		{52C41952-FB0B-4ADB-961F-D9DBF0816151}.Debug|Any CPU.ActiveCfg = Debug|Any CPU
		{52C41952-FB0B-4ADB-961F-D9DBF0816151}.Debug|Any CPU.Build.0 = Debug|Any CPU
		{52C41952-FB0B-4ADB-961F-D9DBF0816151}.Debug|ARM.ActiveCfg = Debug|Any CPU
		{52C41952-FB0B-4ADB-961F-D9DBF0816151}.Debug|ARM.Build.0 = Debug|Any CPU
		{52C41952-FB0B-4ADB-961F-D9DBF0816151}.Debug|iPhone.ActiveCfg = Debug|Any CPU
		{52C41952-FB0B-4ADB-961F-D9DBF0816151}.Debug|iPhone.Build.0 = Debug|Any CPU
		{52C41952-FB0B-4ADB-961F-D9DBF0816151}.Debug|iPhoneSimulator.ActiveCfg = Debug|Any CPU
		{52C41952-FB0B-4ADB-961F-D9DBF0816151}.Debug|iPhoneSimulator.Build.0 = Debug|Any CPU
		{52C41952-FB0B-4ADB-961F-D9DBF0816151}.Debug|x64.ActiveCfg = Debug|Any CPU
		{52C41952-FB0B-4ADB-961F-D9DBF0816151}.Debug|x64.Build.0 = Debug|Any CPU
		{52C41952-FB0B-4ADB-961F-D9DBF0816151}.Debug|x86.ActiveCfg = Debug|Any CPU
		{52C41952-FB0B-4ADB-961F-D9DBF0816151}.Debug|x86.Build.0 = Debug|Any CPU
		{52C41952-FB0B-4ADB-961F-D9DBF0816151}.Release|Any CPU.ActiveCfg = Release|Any CPU
		{52C41952-FB0B-4ADB-961F-D9DBF0816151}.Release|Any CPU.Build.0 = Release|Any CPU
		{52C41952-FB0B-4ADB-961F-D9DBF0816151}.Release|ARM.ActiveCfg = Release|Any CPU
		{52C41952-FB0B-4ADB-961F-D9DBF0816151}.Release|ARM.Build.0 = Release|Any CPU
		{52C41952-FB0B-4ADB-961F-D9DBF0816151}.Release|iPhone.ActiveCfg = Release|Any CPU
		{52C41952-FB0B-4ADB-961F-D9DBF0816151}.Release|iPhone.Build.0 = Release|Any CPU
		{52C41952-FB0B-4ADB-961F-D9DBF0816151}.Release|iPhoneSimulator.ActiveCfg = Release|Any CPU
		{52C41952-FB0B-4ADB-961F-D9DBF0816151}.Release|iPhoneSimulator.Build.0 = Release|Any CPU
		{52C41952-FB0B-4ADB-961F-D9DBF0816151}.Release|x64.ActiveCfg = Release|Any CPU
		{52C41952-FB0B-4ADB-961F-D9DBF0816151}.Release|x64.Build.0 = Release|Any CPU
		{52C41952-FB0B-4ADB-961F-D9DBF0816151}.Release|x86.ActiveCfg = Release|Any CPU
		{52C41952-FB0B-4ADB-961F-D9DBF0816151}.Release|x86.Build.0 = Release|Any CPU
	EndGlobalSection
	GlobalSection(SolutionProperties) = preSolution
		HideSolutionNode = FALSE
	EndGlobalSection
	GlobalSection(NestedProjects) = preSolution
		{E281DA1B-6141-468B-B9A2-CE88DA250F81} = {E02B9A31-2325-4130-818A-88D6D8BBA996}
		{AEEDDC16-D419-49F0-ACD3-B2F6D3FFDB55} = {E02B9A31-2325-4130-818A-88D6D8BBA996}
		{970AD017-1AA2-4CCE-A024-8E62845DAF87} = {E02B9A31-2325-4130-818A-88D6D8BBA996}
		{D7CF7A24-F3E3-4321-AF11-15E19A328DA1} = {E02B9A31-2325-4130-818A-88D6D8BBA996}
		{34511612-3083-492F-A579-4B5C046F902B} = {ADC13341-C859-4A7E-877D-5D1988ABBA87}
		{52C41952-FB0B-4ADB-961F-D9DBF0816151} = {D07C9FD2-38F0-4339-8B66-F37695289CD1}
		{06B6E25A-FEF9-4D7D-9AA7-E27449486614} = {FB6700A7-F866-47B0-B751-678E19B988F7}
		{34924FF7-FF2C-4C7E-A895-68EE0C234D60} = {FB6700A7-F866-47B0-B751-678E19B988F7}
	EndGlobalSection
EndGlobal
